# This file is automatically @generated by Cargo.
# It is not intended for manual editing.
version = 4

[[package]]
name = "nanofix-codec"
version = "0.0.0"
dependencies = [
 "nanofix-conformance",
 "nanofix-dict",
]

[[package]]
name = "nanofix-conformance"
version = "0.0.0"
dependencies = [
 "nanofix-codec",
 "nanofix-dict",
]

[[package]]
name = "nanofix-dict"
version = "0.0.0"
dependencies = [
 "nanofix-codec",
 "roxmltree",
]

[[package]]
name = "nanofix-engine"
version = "0.0.0"
dependencies = [
 "nanofix-codec",
 "nanofix-conformance",
 "nanofix-dict",
 "nanofix-session",
]

[[package]]
name = "nanofix-session"
version = "0.0.0"
dependencies = [
 "nanofix-codec",
 "nanofix-conformance",
 "nanofix-dict",
 "nanofix-engine",
]

[[package]]
name = "roxmltree"
version = "0.20.0"
source = "registry+https://github.com/rust-lang/crates.io-index"
checksum = "6c20b6793b5c2fa6553b250154b78d6d0db37e72700ae35fad9387a46f487c97"
